
Microsoft Visual Studio Solution File, Format Version 12.00
# Visual Studio Version 16
VisualStudioVersion = 16.0.30114.105
MinimumVisualStudioVersion = 10.0.40219.1
Project("{FAE04EC0-301F-11D3-BF4B-00C04F79EFBC}") = "API", "API\API.csproj", "{C16A7BF5-D406-4036-9E6B-0E5F4E5CDC9B}"
EndProject
Global
	GlobalSection(SolutionConfigurationPlatforms) = preSolution
		Debug|Any CPU = Debug|Any CPU
		Release|Any CPU = Release|Any CPU
	EndGlobalSection
	GlobalSection(SolutionProperties) = preSolution
		HideSolutionNode = FALSE
	EndGlobalSection
	GlobalSection(ProjectConfigurationPlatforms) = postSolution
		{C16A7BF5-D406-4036-9E6B-0E5F4E5CDC9B}.Debug|Any CPU.ActiveCfg = Debug|Any CPU
		{C16A7BF5-D406-4036-9E6B-0E5F4E5CDC9B}.Debug|Any CPU.Build.0 = Debug|Any CPU
		{C16A7BF5-D406-4036-9E6B-0E5F4E5CDC9B}.Release|Any CPU.ActiveCfg = Release|Any CPU
		{C16A7BF5-D406-4036-9E6B-0E5F4E5CDC9B}.Release|Any CPU.Build.0 = Release|Any CPU
	EndGlobalSection
EndGlobal
